{
  "slug": "crm-conversion-analytics-ai-drafting",
  "agent": "claude-code-cli-autopilot",
  "scope": "CRM & Sales cycle 5: lead-to-opportunity conversion analytics dashboard (item 43) + AI-assisted email/quote drafting (item 41)",
  "acquiredAt": "2026-07-11T11:31:17.658Z",
  "heartbeatAt": "2026-07-11T11:31:17.663Z",
  "pid": 17086
}