{
  "slug": "finance-multibook-accounting",
  "agent": "antigravity-win2",
  "scope": "Finance: Multi-book/Multi-GAAP accounting (GLBook, book mapping rules, multi-book journals, balance sheets per book)",
  "acquiredAt": "2026-07-09T04:10:49.175Z",
  "heartbeatAt": "2026-07-09T04:10:49.188Z",
  "pid": 26820
}