{
  "slug": "inventory-cycle37-costing-methods",
  "agent": "claude-sonnet-4-6-session-2b8e0da4",
  "scope": "Inventory costing: FIFO/LIFO/WAC cost layers, cost adjustments, inventory valuation",
  "acquiredAt": "2026-07-13T09:37:31.629Z",
  "heartbeatAt": "2026-07-13T09:37:31.629Z",
  "pid": 14556
}