{
  "slug": "inventory-cycle35-freight-claims",
  "agent": "claude-sonnet-4-6",
  "scope": "Freight Claims & Cargo Damage Reporting: damage reports, freight claims, carrier liability, claim resolution workflow",
  "acquiredAt": "2026-07-13T09:20:20.139Z",
  "heartbeatAt": "2026-07-13T09:20:20.140Z",
  "pid": 29392
}