{
  "slug": "inventory-mega-cycle-15",
  "agent": "claude-fullstack-goal-start-ib21qn",
  "scope": "Inventory cycle 15 — 40+ features: labor management, supplier quality, automation rules, advanced analytics",
  "acquiredAt": "2026-07-12T08:00:21.232Z",
  "heartbeatAt": "2026-07-12T08:00:21.232Z",
  "pid": 27828
}