{
  "slug": "inventory-cycle33-customer-returns",
  "agent": "claude-sonnet-4-6",
  "scope": "Customer Returns & Reverse Logistics: RMA, return orders, inspection disposition, credit/restock/disposal workflows",
  "acquiredAt": "2026-07-13T09:03:43.231Z",
  "heartbeatAt": "2026-07-13T09:03:43.232Z",
  "pid": 13666
}