{
  "slug": "inventory-cycle26-hazmat",
  "agent": "claude-sonnet+session-ib21qn",
  "scope": "Hazardous Materials & Dangerous Goods Management: UN classification, SDS tracking, storage compatibility, hazmat manifests, compliance reporting",
  "acquiredAt": "2026-07-13T04:16:19.885Z",
  "heartbeatAt": "2026-07-13T04:16:19.886Z",
  "pid": 14191
}