{
  "slug": "inventory-asn-carrier-logistics",
  "agent": "claude-code-web-goal-start-ib21qn",
  "scope": "Inventory cycle 16 — ASN, inbound logistics, carrier management, outbound shipment tracking",
  "acquiredAt": "2026-07-12T14:32:07.068Z",
  "heartbeatAt": "2026-07-12T14:32:07.068Z",
  "pid": 8721
}