{
  "slug": "inventory-demand-forecasting",
  "agent": "claude-fullstack-goal-start-ib21qn",
  "scope": "Inventory demand forecasting: forecast models, historical demand analysis, reorder suggestions",
  "acquiredAt": "2026-07-12T06:43:31.567Z",
  "heartbeatAt": "2026-07-12T06:43:31.567Z",
  "pid": 11776
}