{
  "slug": "inventory-quality-compliance",
  "agent": "claude-sonnet-web-goal-start-ib21qn",
  "scope": "Inventory cycle 17 — quality compliance: inspection plans, CAPA, audit management, compliance reporting",
  "acquiredAt": "2026-07-12T15:53:36.500Z",
  "heartbeatAt": "2026-07-12T15:53:36.500Z",
  "pid": 4765
}